// !$*UTF8*$!
{
	archiveVersion = 1;
	classes = {
	};
	objectVersion = 46;
	objects = {

/* Begin PBXBuildFile section */
		09082B0917F4B468007ACC45 /* OGLabel.m in Sources */ = {isa = PBXBuildFile; fileRef = 09082B0817F4B468007ACC45 /* OGLabel.m */; };
		09082B0C17F4BCBB007ACC45 /* OGTextField.m in Sources */ = {isa = PBXBuildFile; fileRef = 09082B0B17F4BCBB007ACC45 /* OGTextField.m */; };
		09082B0F17F4C8E2007ACC45 /* OGView.m in Sources */ = {isa = PBXBuildFile; fileRef = 09082B0E17F4C8E2007ACC45 /* OGView.m */; };
		09082B1217F4CC2A007ACC45 /* NSDate+OGExtensions.m in Sources */ = {isa = PBXBuildFile; fileRef = 09082B1117F4CC2A007ACC45 /* NSDate+OGExtensions.m */; };
		09EA487217BE49170026664E /* Foundation.framework in Frameworks */ = {isa = PBXBuildFile; fileRef = 09EA487117BE49170026664E /* Foundation.framework */; };
		09EA487417BE49170026664E /* CoreGraphics.framework in Frameworks */ = {isa = PBXBuildFile; fileRef = 09EA487317BE49170026664E /* CoreGraphics.framework */; };
		09EA487617BE49170026664E /* UIKit.framework in Frameworks */ = {isa = PBXBuildFile; fileRef = 09EA487517BE49170026664E /* UIKit.framework */; };
		09EA487C17BE49170026664E /* InfoPlist.strings in Resources */ = {isa = PBXBuildFile; fileRef = 09EA487A17BE49170026664E /* InfoPlist.strings */; };
		09EA487E17BE49170026664E /* main.m in Sources */ = {isa = PBXBuildFile; fileRef = 09EA487D17BE49170026664E /* main.m */; };
		09EA488217BE49170026664E /* OGAppDelegate.m in Sources */ = {isa = PBXBuildFile; fileRef = 09EA488117BE49170026664E /* OGAppDelegate.m */; };
		09EA488417BE49170026664E /* Images.xcassets in Resources */ = {isa = PBXBuildFile; fileRef = 09EA488317BE49170026664E /* Images.xcassets */; };
		09EA488B17BE49170026664E /* XCTest.framework in Frameworks */ = {isa = PBXBuildFile; fileRef = 09EA488A17BE49170026664E /* XCTest.framework */; };
		09EA488C17BE49170026664E /* Foundation.framework in Frameworks */ = {isa = PBXBuildFile; fileRef = 09EA487117BE49170026664E /* Foundation.framework */; };
		09EA488D17BE49170026664E /* UIKit.framework in Frameworks */ = {isa = PBXBuildFile; fileRef = 09EA487517BE49170026664E /* UIKit.framework */; };
		09EA489517BE49170026664E /* InfoPlist.strings in Resources */ = {isa = PBXBuildFile; fileRef = 09EA489317BE49170026664E /* InfoPlist.strings */; };
		09EA489717BE49170026664E /* OGExtensionsProjectTests.m in Sources */ = {isa = PBXBuildFile; fileRef = 09EA489617BE49170026664E /* OGExtensionsProjectTests.m */; };
		09EA496D17BE560B0026664E /* NSData+OGExtensions.m in Sources */ = {isa = PBXBuildFile; fileRef = 09EA495117BE560B0026664E /* NSData+OGExtensions.m */; };
		09EA496E17BE560B0026664E /* NSIndexPath+OGExtensions.m in Sources */ = {isa = PBXBuildFile; fileRef = 09EA495317BE560B0026664E /* NSIndexPath+OGExtensions.m */; };
		09EA497017BE560B0026664E /* NSNotificationCenter+OGExtensions.m in Sources */ = {isa = PBXBuildFile; fileRef = 09EA495717BE560B0026664E /* NSNotificationCenter+OGExtensions.m */; };
		09EA497117BE560B0026664E /* NSOperationQueue+OGExtensions.m in Sources */ = {isa = PBXBuildFile; fileRef = 09EA495917BE560B0026664E /* NSOperationQueue+OGExtensions.m */; };
		09EA497217BE560B0026664E /* NSString+OGExtensions.m in Sources */ = {isa = PBXBuildFile; fileRef = 09EA495B17BE560B0026664E /* NSString+OGExtensions.m */; };
		09EA497317BE560B0026664E /* OGExtensionsCommon.m in Sources */ = {isa = PBXBuildFile; fileRef = 09EA495E17BE560B0026664E /* OGExtensionsCommon.m */; };
		09EA497417BE560B0026664E /* OGExtensionsGeometry.m in Sources */ = {isa = PBXBuildFile; fileRef = 09EA496017BE560B0026664E /* OGExtensionsGeometry.m */; };
		09EA497517BE560B0026664E /* UIApplication+OGExtensions.m in Sources */ = {isa = PBXBuildFile; fileRef = 09EA496217BE560B0026664E /* UIApplication+OGExtensions.m */; };
		09EA497617BE560B0026664E /* UIColor+OGExtensions.m in Sources */ = {isa = PBXBuildFile; fileRef = 09EA496417BE560B0026664E /* UIColor+OGExtensions.m */; };
		09EA497717BE560B0026664E /* UIDevice+OGExtensions.m in Sources */ = {isa = PBXBuildFile; fileRef = 09EA496617BE560B0026664E /* UIDevice+OGExtensions.m */; };
		09EA497917BE560B0026664E /* UIView+OGExtensions.m in Sources */ = {isa = PBXBuildFile; fileRef = 09EA496A17BE560B0026664E /* UIView+OGExtensions.m */; };
		09EA497A17BE560B0026664E /* UIWindow+OGExtensions.m in Sources */ = {isa = PBXBuildFile; fileRef = 09EA496C17BE560B0026664E /* UIWindow+OGExtensions.m */; };
/* End PBXBuildFile section */

/* Begin PBXContainerItemProxy section */
		09EA488E17BE49170026664E /* PBXContainerItemProxy */ = {
			isa = PBXContainerItemProxy;
			containerPortal = 09EA486617BE49170026664E /* Project object */;
			proxyType = 1;
			remoteGlobalIDString = 09EA486D17BE49170026664E;
			remoteInfo = OGExtensionsProject;
		};
/* End PBXContainerItemProxy section */

/* Begin PBXFileReference section */
		09082B0717F4B468007ACC45 /* OGLabel.h */ = {isa = PBXFileReference; fileEncoding = 4; lastKnownFileType = sourcecode.c.h; path = OGLabel.h; sourceTree = "<group>"; };
		09082B0817F4B468007ACC45 /* OGLabel.m */ = {isa = PBXFileReference; fileEncoding = 4; lastKnownFileType = sourcecode.c.objc; path = OGLabel.m; sourceTree = "<group>"; };
		09082B0A17F4BCBB007ACC45 /* OGTextField.h */ = {isa = PBXFileReference; fileEncoding = 4; lastKnownFileType = sourcecode.c.h; path = OGTextField.h; sourceTree = "<group>"; };
		09082B0B17F4BCBB007ACC45 /* OGTextField.m */ = {isa = PBXFileReference; fileEncoding = 4; lastKnownFileType = sourcecode.c.objc; path = OGTextField.m; sourceTree = "<group>"; };
		09082B0D17F4C8E2007ACC45 /* OGView.h */ = {isa = PBXFileReference; fileEncoding = 4; lastKnownFileType = sourcecode.c.h; path = OGView.h; sourceTree = "<group>"; };
		09082B0E17F4C8E2007ACC45 /* OGView.m */ = {isa = PBXFileReference; fileEncoding = 4; lastKnownFileType = sourcecode.c.objc; path = OGView.m; sourceTree = "<group>"; };
		09082B1017F4CC2A007ACC45 /* NSDate+OGExtensions.h */ = {isa = PBXFileReference; fileEncoding = 4; lastKnownFileType = sourcecode.c.h; path = "NSDate+OGExtensions.h"; sourceTree = "<group>"; };
		09082B1117F4CC2A007ACC45 /* NSDate+OGExtensions.m */ = {isa = PBXFileReference; fileEncoding = 4; lastKnownFileType = sourcecode.c.objc; path = "NSDate+OGExtensions.m"; sourceTree = "<group>"; };
		09EA486E17BE49170026664E /* OGExtensionsProject.app */ = {isa = PBXFileReference; explicitFileType = wrapper.application; includeInIndex = 0; path = OGExtensionsProject.app; sourceTree = BUILT_PRODUCTS_DIR; };
		09EA487117BE49170026664E /* Foundation.framework */ = {isa = PBXFileReference; lastKnownFileType = wrapper.framework; name = Foundation.framework; path = System/Library/Frameworks/Foundation.framework; sourceTree = SDKROOT; };
		09EA487317BE49170026664E /* CoreGraphics.framework */ = {isa = PBXFileReference; lastKnownFileType = wrapper.framework; name = CoreGraphics.framework; path = System/Library/Frameworks/CoreGraphics.framework; sourceTree = SDKROOT; };
		09EA487517BE49170026664E /* UIKit.framework */ = {isa = PBXFileReference; lastKnownFileType = wrapper.framework; name = UIKit.framework; path = System/Library/Frameworks/UIKit.framework; sourceTree = SDKROOT; };
		09EA487917BE49170026664E /* OGExtensionsProject-Info.plist */ = {isa = PBXFileReference; lastKnownFileType = text.plist.xml; path = "OGExtensionsProject-Info.plist"; sourceTree = "<group>"; };
		09EA487B17BE49170026664E /* en */ = {isa = PBXFileReference; lastKnownFileType = text.plist.strings; name = en; path = en.lproj/InfoPlist.strings; sourceTree = "<group>"; };
		09EA487D17BE49170026664E /* main.m */ = {isa = PBXFileReference; lastKnownFileType = sourcecode.c.objc; path = main.m; sourceTree = "<group>"; };
		09EA487F17BE49170026664E /* OGExtensionsProject-Prefix.pch */ = {isa = PBXFileReference; lastKnownFileType = sourcecode.c.h; path = "OGExtensionsProject-Prefix.pch"; sourceTree = "<group>"; };
		09EA488017BE49170026664E /* OGAppDelegate.h */ = {isa = PBXFileReference; lastKnownFileType = sourcecode.c.h; path = OGAppDelegate.h; sourceTree = "<group>"; };
		09EA488117BE49170026664E /* OGAppDelegate.m */ = {isa = PBXFileReference; lastKnownFileType = sourcecode.c.objc; path = OGAppDelegate.m; sourceTree = "<group>"; };
		09EA488317BE49170026664E /* Images.xcassets */ = {isa = PBXFileReference; lastKnownFileType = folder.assetcatalog; path = Images.xcassets; sourceTree = "<group>"; };
		09EA488917BE49170026664E /* OGExtensionsProjectTests.xctest */ = {isa = PBXFileReference; explicitFileType = wrapper.cfbundle; includeInIndex = 0; path = OGExtensionsProjectTests.xctest; sourceTree = BUILT_PRODUCTS_DIR; };
		09EA488A17BE49170026664E /* XCTest.framework */ = {isa = PBXFileReference; lastKnownFileType = wrapper.framework; name = XCTest.framework; path = Library/Frameworks/XCTest.framework; sourceTree = DEVELOPER_DIR; };
		09EA489217BE49170026664E /* OGExtensionsProjectTests-Info.plist */ = {isa = PBXFileReference; lastKnownFileType = text.plist.xml; path = "OGExtensionsProjectTests-Info.plist"; sourceTree = "<group>"; };
		09EA489417BE49170026664E /* en */ = {isa = PBXFileReference; lastKnownFileType = text.plist.strings; name = en; path = en.lproj/InfoPlist.strings; sourceTree = "<group>"; };
		09EA489617BE49170026664E /* OGExtensionsProjectTests.m */ = {isa = PBXFileReference; lastKnownFileType = sourcecode.c.objc; path = OGExtensionsProjectTests.m; sourceTree = "<group>"; };
		09EA48A017BE49890026664E /* LICENSE */ = {isa = PBXFileReference; lastKnownFileType = text; path = LICENSE; sourceTree = "<group>"; };
		09EA48A217BE49890026664E /* OGExtensions.podspec */ = {isa = PBXFileReference; lastKnownFileType = text; path = OGExtensions.podspec; sourceTree = "<group>"; };
		09EA48A317BE49890026664E /* README.md */ = {isa = PBXFileReference; lastKnownFileType = text; path = README.md; sourceTree = "<group>"; };
		09EA495017BE560B0026664E /* NSData+OGExtensions.h */ = {isa = PBXFileReference; fileEncoding = 4; lastKnownFileType = sourcecode.c.h; path = "NSData+OGExtensions.h"; sourceTree = "<group>"; };
		09EA495117BE560B0026664E /* NSData+OGExtensions.m */ = {isa = PBXFileReference; fileEncoding = 4; lastKnownFileType = sourcecode.c.objc; path = "NSData+OGExtensions.m"; sourceTree = "<group>"; };
		09EA495217BE560B0026664E /* NSIndexPath+OGExtensions.h */ = {isa = PBXFileReference; fileEncoding = 4; lastKnownFileType = sourcecode.c.h; path = "NSIndexPath+OGExtensions.h"; sourceTree = "<group>"; };
		09EA495317BE560B0026664E /* NSIndexPath+OGExtensions.m */ = {isa = PBXFileReference; fileEncoding = 4; lastKnownFileType = sourcecode.c.objc; path = "NSIndexPath+OGExtensions.m"; sourceTree = "<group>"; };
		09EA495617BE560B0026664E /* NSNotificationCenter+OGExtensions.h */ = {isa = PBXFileReference; fileEncoding = 4; lastKnownFileType = sourcecode.c.h; path = "NSNotificationCenter+OGExtensions.h"; sourceTree = "<group>"; };
		09EA495717BE560B0026664E /* NSNotificationCenter+OGExtensions.m */ = {isa = PBXFileReference; fileEncoding = 4; lastKnownFileType = sourcecode.c.objc; path = "NSNotificationCenter+OGExtensions.m"; sourceTree = "<group>"; };
		09EA495817BE560B0026664E /* NSOperationQueue+OGExtensions.h */ = {isa = PBXFileReference; fileEncoding = 4; lastKnownFileType = sourcecode.c.h; path = "NSOperationQueue+OGExtensions.h"; sourceTree = "<group>"; };
		09EA495917BE560B0026664E /* NSOperationQueue+OGExtensions.m */ = {isa = PBXFileReference; fileEncoding = 4; lastKnownFileType = sourcecode.c.objc; path = "NSOperationQueue+OGExtensions.m"; sourceTree = "<group>"; };
		09EA495A17BE560B0026664E /* NSString+OGExtensions.h */ = {isa = PBXFileReference; fileEncoding = 4; lastKnownFileType = sourcecode.c.h; path = "NSString+OGExtensions.h"; sourceTree = "<group>"; };
		09EA495B17BE560B0026664E /* NSString+OGExtensions.m */ = {isa = PBXFileReference; fileEncoding = 4; lastKnownFileType = sourcecode.c.objc; path = "NSString+OGExtensions.m"; sourceTree = "<group>"; };
		09EA495C17BE560B0026664E /* OGExtensions.h */ = {isa = PBXFileReference; fileEncoding = 4; lastKnownFileType = sourcecode.c.h; path = OGExtensions.h; sourceTree = "<group>"; };
		09EA495D17BE560B0026664E /* OGExtensionsCommon.h */ = {isa = PBXFileReference; fileEncoding = 4; lastKnownFileType = sourcecode.c.h; path = OGExtensionsCommon.h; sourceTree = "<group>"; };
		09EA495E17BE560B0026664E /* OGExtensionsCommon.m */ = {isa = PBXFileReference; fileEncoding = 4; lastKnownFileType = sourcecode.c.objc; path = OGExtensionsCommon.m; sourceTree = "<group>"; };
		09EA495F17BE560B0026664E /* OGExtensionsGeometry.h */ = {isa = PBXFileReference; fileEncoding = 4; lastKnownFileType = sourcecode.c.h; path = OGExtensionsGeometry.h; sourceTree = "<group>"; };
		09EA496017BE560B0026664E /* OGExtensionsGeometry.m */ = {isa = PBXFileReference; fileEncoding = 4; lastKnownFileType = sourcecode.c.objc; path = OGExtensionsGeometry.m; sourceTree = "<group>"; };
		09EA496117BE560B0026664E /* UIApplication+OGExtensions.h */ = {isa = PBXFileReference; fileEncoding = 4; lastKnownFileType = sourcecode.c.h; path = "UIApplication+OGExtensions.h"; sourceTree = "<group>"; };
		09EA496217BE560B0026664E /* UIApplication+OGExtensions.m */ = {isa = PBXFileReference; fileEncoding = 4; lastKnownFileType = sourcecode.c.objc; path = "UIApplication+OGExtensions.m"; sourceTree = "<group>"; };
		09EA496317BE560B0026664E /* UIColor+OGExtensions.h */ = {isa = PBXFileReference; fileEncoding = 4; lastKnownFileType = sourcecode.c.h; path = "UIColor+OGExtensions.h"; sourceTree = "<group>"; };
		09EA496417BE560B0026664E /* UIColor+OGExtensions.m */ = {isa = PBXFileReference; fileEncoding = 4; lastKnownFileType = sourcecode.c.objc; path = "UIColor+OGExtensions.m"; sourceTree = "<group>"; };
		09EA496517BE560B0026664E /* UIDevice+OGExtensions.h */ = {isa = PBXFileReference; fileEncoding = 4; lastKnownFileType = sourcecode.c.h; path = "UIDevice+OGExtensions.h"; sourceTree = "<group>"; };
		09EA496617BE560B0026664E /* UIDevice+OGExtensions.m */ = {isa = PBXFileReference; fileEncoding = 4; lastKnownFileType = sourcecode.c.objc; path = "UIDevice+OGExtensions.m"; sourceTree = "<group>"; };
		09EA496917BE560B0026664E /* UIView+OGExtensions.h */ = {isa = PBXFileReference; fileEncoding = 4; lastKnownFileType = sourcecode.c.h; path = "UIView+OGExtensions.h"; sourceTree = "<group>"; };
		09EA496A17BE560B0026664E /* UIView+OGExtensions.m */ = {isa = PBXFileReference; fileEncoding = 4; lastKnownFileType = sourcecode.c.objc; path = "UIView+OGExtensions.m"; sourceTree = "<group>"; };
		09EA496B17BE560B0026664E /* UIWindow+OGExtensions.h */ = {isa = PBXFileReference; fileEncoding = 4; lastKnownFileType = sourcecode.c.h; path = "UIWindow+OGExtensions.h"; sourceTree = "<group>"; };
		09EA496C17BE560B0026664E /* UIWindow+OGExtensions.m */ = {isa = PBXFileReference; fileEncoding = 4; lastKnownFileType = sourcecode.c.objc; path = "UIWindow+OGExtensions.m"; sourceTree = "<group>"; };
/* End PBXFileReference section */

/* Begin PBXFrameworksBuildPhase section */
		09EA486B17BE49170026664E /* Frameworks */ = {
			isa = PBXFrameworksBuildPhase;
			buildActionMask = 2147483647;
			files = (
				09EA487417BE49170026664E /* CoreGraphics.framework in Frameworks */,
				09EA487617BE49170026664E /* UIKit.framework in Frameworks */,
				09EA487217BE49170026664E /* Foundation.framework in Frameworks */,
			);
			runOnlyForDeploymentPostprocessing = 0;
		};
		09EA488617BE49170026664E /* Frameworks */ = {
			isa = PBXFrameworksBuildPhase;
			buildActionMask = 2147483647;
			files = (
				09EA488B17BE49170026664E /* XCTest.framework in Frameworks */,
				09EA488D17BE49170026664E /* UIKit.framework in Frameworks */,
				09EA488C17BE49170026664E /* Foundation.framework in Frameworks */,
			);
			runOnlyForDeploymentPostprocessing = 0;
		};
/* End PBXFrameworksBuildPhase section */

/* Begin PBXGroup section */
		09EA486517BE49170026664E = {
			isa = PBXGroup;
			children = (
				09EA48A217BE49890026664E /* OGExtensions.podspec */,
				09EA48A017BE49890026664E /* LICENSE */,
				09EA48A317BE49890026664E /* README.md */,
				09EA48A117BE49890026664E /* OGExtensions */,
				09EA487717BE49170026664E /* OGExtensionsProject */,
				09EA489017BE49170026664E /* OGExtensionsProjectTests */,
				09EA487017BE49170026664E /* Frameworks */,
				09EA486F17BE49170026664E /* Products */,
			);
			sourceTree = "<group>";
		};
		09EA486F17BE49170026664E /* Products */ = {
			isa = PBXGroup;
			children = (
				09EA486E17BE49170026664E /* OGExtensionsProject.app */,
				09EA488917BE49170026664E /* OGExtensionsProjectTests.xctest */,
			);
			name = Products;
			sourceTree = "<group>";
		};
		09EA487017BE49170026664E /* Frameworks */ = {
			isa = PBXGroup;
			children = (
				09EA487117BE49170026664E /* Foundation.framework */,
				09EA487317BE49170026664E /* CoreGraphics.framework */,
				09EA487517BE49170026664E /* UIKit.framework */,
				09EA488A17BE49170026664E /* XCTest.framework */,
			);
			name = Frameworks;
			sourceTree = "<group>";
		};
		09EA487717BE49170026664E /* OGExtensionsProject */ = {
			isa = PBXGroup;
			children = (
				09EA488317BE49170026664E /* Images.xcassets */,
				09EA487817BE49170026664E /* Supporting Files */,
				09EA488017BE49170026664E /* OGAppDelegate.h */,
				09EA488117BE49170026664E /* OGAppDelegate.m */,
			);
			path = OGExtensionsProject;
			sourceTree = "<group>";
		};
		09EA487817BE49170026664E /* Supporting Files */ = {
			isa = PBXGroup;
			children = (
				09EA487917BE49170026664E /* OGExtensionsProject-Info.plist */,
				09EA487A17BE49170026664E /* InfoPlist.strings */,
				09EA487D17BE49170026664E /* main.m */,
				09EA487F17BE49170026664E /* OGExtensionsProject-Prefix.pch */,
			);
			name = "Supporting Files";
			sourceTree = "<group>";
		};
		09EA489017BE49170026664E /* OGExtensionsProjectTests */ = {
			isa = PBXGroup;
			children = (
				09EA489617BE49170026664E /* OGExtensionsProjectTests.m */,
				09EA489117BE49170026664E /* Supporting Files */,
			);
			path = OGExtensionsProjectTests;
			sourceTree = "<group>";
		};
		09EA489117BE49170026664E /* Supporting Files */ = {
			isa = PBXGroup;
			children = (
				09EA489217BE49170026664E /* OGExtensionsProjectTests-Info.plist */,
				09EA489317BE49170026664E /* InfoPlist.strings */,
			);
			name = "Supporting Files";
			sourceTree = "<group>";
		};
		09EA48A117BE49890026664E /* OGExtensions */ = {
			isa = PBXGroup;
			children = (
				09EA495017BE560B0026664E /* NSData+OGExtensions.h */,
				09EA495117BE560B0026664E /* NSData+OGExtensions.m */,
				09082B1017F4CC2A007ACC45 /* NSDate+OGExtensions.h */,
				09082B1117F4CC2A007ACC45 /* NSDate+OGExtensions.m */,
				09EA495217BE560B0026664E /* NSIndexPath+OGExtensions.h */,
				09EA495317BE560B0026664E /* NSIndexPath+OGExtensions.m */,
				09EA495617BE560B0026664E /* NSNotificationCenter+OGExtensions.h */,
				09EA495717BE560B0026664E /* NSNotificationCenter+OGExtensions.m */,
				09EA495817BE560B0026664E /* NSOperationQueue+OGExtensions.h */,
				09EA495917BE560B0026664E /* NSOperationQueue+OGExtensions.m */,
				09EA495A17BE560B0026664E /* NSString+OGExtensions.h */,
				09EA495B17BE560B0026664E /* NSString+OGExtensions.m */,
				09EA495C17BE560B0026664E /* OGExtensions.h */,
				09EA495D17BE560B0026664E /* OGExtensionsCommon.h */,
				09EA495E17BE560B0026664E /* OGExtensionsCommon.m */,
				09EA495F17BE560B0026664E /* OGExtensionsGeometry.h */,
				09EA496017BE560B0026664E /* OGExtensionsGeometry.m */,
				09EA496117BE560B0026664E /* UIApplication+OGExtensions.h */,
				09EA496217BE560B0026664E /* UIApplication+OGExtensions.m */,
				09EA496317BE560B0026664E /* UIColor+OGExtensions.h */,
				09EA496417BE560B0026664E /* UIColor+OGExtensions.m */,
				09EA496517BE560B0026664E /* UIDevice+OGExtensions.h */,
				09EA496617BE560B0026664E /* UIDevice+OGExtensions.m */,
				09EA496917BE560B0026664E /* UIView+OGExtensions.h */,
				09EA496A17BE560B0026664E /* UIView+OGExtensions.m */,
				09EA496B17BE560B0026664E /* UIWindow+OGExtensions.h */,
				09EA496C17BE560B0026664E /* UIWindow+OGExtensions.m */,
				09082B0717F4B468007ACC45 /* OGLabel.h */,
				09082B0817F4B468007ACC45 /* OGLabel.m */,
				09082B0A17F4BCBB007ACC45 /* OGTextField.h */,
				09082B0B17F4BCBB007ACC45 /* OGTextField.m */,
				09082B0D17F4C8E2007ACC45 /* OGView.h */,
				09082B0E17F4C8E2007ACC45 /* OGView.m */,
			);
			path = OGExtensions;
			sourceTree = "<group>";
		};
/* End PBXGroup section */

/* Begin PBXNativeTarget section */
		09EA486D17BE49170026664E /* OGExtensionsProject */ = {
			isa = PBXNativeTarget;
			buildConfigurationList = 09EA489A17BE49170026664E /* Build configuration list for PBXNativeTarget "OGExtensionsProject" */;
			buildPhases = (
				09EA486A17BE49170026664E /* Sources */,
				09EA486B17BE49170026664E /* Frameworks */,
				09EA486C17BE49170026664E /* Resources */,
			);
			buildRules = (
			);
			dependencies = (
			);
			name = OGExtensionsProject;
			productName = OGExtensionsProject;
			productReference = 09EA486E17BE49170026664E /* OGExtensionsProject.app */;
			productType = "com.apple.product-type.application";
		};
		09EA488817BE49170026664E /* OGExtensionsProjectTests */ = {
			isa = PBXNativeTarget;
			buildConfigurationList = 09EA489D17BE49170026664E /* Build configuration list for PBXNativeTarget "OGExtensionsProjectTests" */;
			buildPhases = (
				09EA488517BE49170026664E /* Sources */,
				09EA488617BE49170026664E /* Frameworks */,
				09EA488717BE49170026664E /* Resources */,
			);
			buildRules = (
			);
			dependencies = (
				09EA488F17BE49170026664E /* PBXTargetDependency */,
			);
			name = OGExtensionsProjectTests;
			productName = OGExtensionsProjectTests;
			productReference = 09EA488917BE49170026664E /* OGExtensionsProjectTests.xctest */;
			productType = "com.apple.product-type.bundle.unit-test";
		};
/* End PBXNativeTarget section */

/* Begin PBXProject section */
		09EA486617BE49170026664E /* Project object */ = {
			isa = PBXProject;
			attributes = {
				CLASSPREFIX = OG;
				LastUpgradeCheck = 0500;
				ORGANIZATIONNAME = "Orange Groove";
				TargetAttributes = {
					09EA488817BE49170026664E = {
						TestTargetID = 09EA486D17BE49170026664E;
					};
				};
			};
			buildConfigurationList = 09EA486917BE49170026664E /* Build configuration list for PBXProject "OGExtensionsProject" */;
			compatibilityVersion = "Xcode 3.2";
			developmentRegion = English;
			hasScannedForEncodings = 0;
			knownRegions = (
				en,
			);
			mainGroup = 09EA486517BE49170026664E;
			productRefGroup = 09EA486F17BE49170026664E /* Products */;
			projectDirPath = "";
			projectRoot = "";
			targets = (
				09EA486D17BE49170026664E /* OGExtensionsProject */,
				09EA488817BE49170026664E /* OGExtensionsProjectTests */,
			);
		};
/* End PBXProject section */

/* Begin PBXResourcesBuildPhase section */
		09EA486C17BE49170026664E /* Resources */ = {
			isa = PBXResourcesBuildPhase;
			buildActionMask = 2147483647;
			files = (
				09EA487C17BE49170026664E /* InfoPlist.strings in Resources */,
				09EA488417BE49170026664E /* Images.xcassets in Resources */,
			);
			runOnlyForDeploymentPostprocessing = 0;
		};
		09EA488717BE49170026664E /* Resources */ = {
			isa = PBXResourcesBuildPhase;
			buildActionMask = 2147483647;
			files = (
				09EA489517BE49170026664E /* InfoPlist.strings in Resources */,
			);
			runOnlyForDeploymentPostprocessing = 0;
		};
/* End PBXResourcesBuildPhase section */

/* Begin PBXSourcesBuildPhase section */
		09EA486A17BE49170026664E /* Sources */ = {
			isa = PBXSourcesBuildPhase;
			buildActionMask = 2147483647;
			files = (
				09082B0917F4B468007ACC45 /* OGLabel.m in Sources */,
				09EA497317BE560B0026664E /* OGExtensionsCommon.m in Sources */,
				09EA497517BE560B0026664E /* UIApplication+OGExtensions.m in Sources */,
				09EA496E17BE560B0026664E /* NSIndexPath+OGExtensions.m in Sources */,
				09EA497117BE560B0026664E /* NSOperationQueue+OGExtensions.m in Sources */,
				09EA497417BE560B0026664E /* OGExtensionsGeometry.m in Sources */,
				09EA488217BE49170026664E /* OGAppDelegate.m in Sources */,
				09082B0C17F4BCBB007ACC45 /* OGTextField.m in Sources */,
				09EA497217BE560B0026664E /* NSString+OGExtensions.m in Sources */,
				09EA497717BE560B0026664E /* UIDevice+OGExtensions.m in Sources */,
				09EA497617BE560B0026664E /* UIColor+OGExtensions.m in Sources */,
				09EA497A17BE560B0026664E /* UIWindow+OGExtensions.m in Sources */,
				09082B0F17F4C8E2007ACC45 /* OGView.m in Sources */,
				09EA496D17BE560B0026664E /* NSData+OGExtensions.m in Sources */,
				09082B1217F4CC2A007ACC45 /* NSDate+OGExtensions.m in Sources */,
				09EA497917BE560B0026664E /* UIView+OGExtensions.m in Sources */,
				09EA497017BE560B0026664E /* NSNotificationCenter+OGExtensions.m in Sources */,
				09EA487E17BE49170026664E /* main.m in Sources */,
			);
			runOnlyForDeploymentPostprocessing = 0;
		};
		09EA488517BE49170026664E /* Sources */ = {
			isa = PBXSourcesBuildPhase;
			buildActionMask = 2147483647;
			files = (
				09EA489717BE49170026664E /* OGExtensionsProjectTests.m in Sources */,
			);
			runOnlyForDeploymentPostprocessing = 0;
		};
/* End PBXSourcesBuildPhase section */

/* Begin PBXTargetDependency section */
		09EA488F17BE49170026664E /* PBXTargetDependency */ = {
			isa = PBXTargetDependency;
			target = 09EA486D17BE49170026664E /* OGExtensionsProject */;
			targetProxy = 09EA488E17BE49170026664E /* PBXContainerItemProxy */;
		};
/* End PBXTargetDependency section */

/* Begin PBXVariantGroup section */
		09EA487A17BE49170026664E /* InfoPlist.strings */ = {
			isa = PBXVariantGroup;
			children = (
				09EA487B17BE49170026664E /* en */,
			);
			name = InfoPlist.strings;
			sourceTree = "<group>";
		};
		09EA489317BE49170026664E /* InfoPlist.strings */ = {
			isa = PBXVariantGroup;
			children = (
				09EA489417BE49170026664E /* en */,
			);
			name = InfoPlist.strings;
			sourceTree = "<group>";
		};
/* End PBXVariantGroup section */

/* Begin XCBuildConfiguration section */
		09EA489817BE49170026664E /* Debug */ = {
			isa = XCBuildConfiguration;
			buildSettings = {
				ALWAYS_SEARCH_USER_PATHS = NO;
				CLANG_CXX_LANGUAGE_STANDARD = "gnu++0x";
				CLANG_CXX_LIBRARY = "libc++";
				CLANG_ENABLE_MODULES = YES;
				CLANG_ENABLE_OBJC_ARC = YES;
				CLANG_WARN_BOOL_CONVERSION = YES;
				CLANG_WARN_CONSTANT_CONVERSION = YES;
				CLANG_WARN_DIRECT_OBJC_ISA_USAGE = YES_ERROR;
				CLANG_WARN_EMPTY_BODY = YES;
				CLANG_WARN_ENUM_CONVERSION = YES;
				CLANG_WARN_INT_CONVERSION = YES;
				CLANG_WARN_OBJC_ROOT_CLASS = YES_ERROR;
				CLANG_WARN__DUPLICATE_METHOD_MATCH = YES;
				"CODE_SIGN_IDENTITY[sdk=iphoneos*]" = "iPhone Developer";
				COPY_PHASE_STRIP = NO;
				GCC_C_LANGUAGE_STANDARD = gnu99;
				GCC_DYNAMIC_NO_PIC = NO;
				GCC_OPTIMIZATION_LEVEL = 0;
				GCC_PREPROCESSOR_DEFINITIONS = (
					"DEBUG=1",
					"$(inherited)",
				);
				GCC_SYMBOLS_PRIVATE_EXTERN = NO;
				GCC_WARN_ABOUT_RETURN_TYPE = YES_ERROR;
				GCC_WARN_UNDECLARED_SELECTOR = YES;
				GCC_WARN_UNINITIALIZED_AUTOS = YES;
				GCC_WARN_UNUSED_FUNCTION = YES;
				GCC_WARN_UNUSED_VARIABLE = YES;
				IPHONEOS_DEPLOYMENT_TARGET = 7.0;
				ONLY_ACTIVE_ARCH = YES;
				SDKROOT = iphoneos;
			};
			name = Debug;
		};
		09EA489917BE49170026664E /* Release */ = {
			isa = XCBuildConfiguration;
			buildSettings = {
				ALWAYS_SEARCH_USER_PATHS = NO;
				CLANG_CXX_LANGUAGE_STANDARD = "gnu++0x";
				CLANG_CXX_LIBRARY = "libc++";
				CLANG_ENABLE_MODULES = YES;
				CLANG_ENABLE_OBJC_ARC = YES;
				CLANG_WARN_BOOL_CONVERSION = YES;
				CLANG_WARN_CONSTANT_CONVERSION = YES;
				CLANG_WARN_DIRECT_OBJC_ISA_USAGE = YES_ERROR;
				CLANG_WARN_EMPTY_BODY = YES;
				CLANG_WARN_ENUM_CONVERSION = YES;
				CLANG_WARN_INT_CONVERSION = YES;
				CLANG_WARN_OBJC_ROOT_CLASS = YES_ERROR;
				CLANG_WARN__DUPLICATE_METHOD_MATCH = YES;
				"CODE_SIGN_IDENTITY[sdk=iphoneos*]" = "iPhone Developer";
				COPY_PHASE_STRIP = YES;
				ENABLE_NS_ASSERTIONS = NO;
				GCC_C_LANGUAGE_STANDARD = gnu99;
				GCC_WARN_ABOUT_RETURN_TYPE = YES_ERROR;
				GCC_WARN_UNDECLARED_SELECTOR = YES;
				GCC_WARN_UNINITIALIZED_AUTOS = YES;
				GCC_WARN_UNUSED_FUNCTION = YES;
				GCC_WARN_UNUSED_VARIABLE = YES;
				IPHONEOS_DEPLOYMENT_TARGET = 7.0;
				SDKROOT = iphoneos;
				VALIDATE_PRODUCT = YES;
			};
			name = Release;
		};
		09EA489B17BE49170026664E /* Debug */ = {
			isa = XCBuildConfiguration;
			buildSettings = {
				ASSETCATALOG_COMPILER_APPICON_NAME = AppIcon;
				ASSETCATALOG_COMPILER_LAUNCHIMAGE_NAME = LaunchImage;
				GCC_PRECOMPILE_PREFIX_HEADER = YES;
				GCC_PREFIX_HEADER = "OGExtensionsProject/OGExtensionsProject-Prefix.pch";
				INFOPLIST_FILE = "OGExtensionsProject/OGExtensionsProject-Info.plist";
				PRODUCT_NAME = "$(TARGET_NAME)";
				WRAPPER_EXTENSION = app;
			};
			name = Debug;
		};
		09EA489C17BE49170026664E /* Release */ = {
			isa = XCBuildConfiguration;
			buildSettings = {
				ASSETCATALOG_COMPILER_APPICON_NAME = AppIcon;
				ASSETCATALOG_COMPILER_LAUNCHIMAGE_NAME = LaunchImage;
				GCC_PRECOMPILE_PREFIX_HEADER = YES;
				GCC_PREFIX_HEADER = "OGExtensionsProject/OGExtensionsProject-Prefix.pch";
				INFOPLIST_FILE = "OGExtensionsProject/OGExtensionsProject-Info.plist";
				PRODUCT_NAME = "$(TARGET_NAME)";
				WRAPPER_EXTENSION = app;
			};
			name = Release;
		};
		09EA489E17BE49170026664E /* Debug */ = {
			isa = XCBuildConfiguration;
			buildSettings = {
				BUNDLE_LOADER = "$(BUILT_PRODUCTS_DIR)/OGExtensionsProject.app/OGExtensionsProject";
				FRAMEWORK_SEARCH_PATHS = (
					"$(SDKROOT)/Developer/Library/Frameworks",
					"$(inherited)",
					"$(DEVELOPER_FRAMEWORKS_DIR)",
				);
				GCC_PRECOMPILE_PREFIX_HEADER = YES;
				GCC_PREFIX_HEADER = "OGExtensionsProject/OGExtensionsProject-Prefix.pch";
				GCC_PREPROCESSOR_DEFINITIONS = (
					"DEBUG=1",
					"$(inherited)",
				);
				INFOPLIST_FILE = "OGExtensionsProjectTests/OGExtensionsProjectTests-Info.plist";
				PRODUCT_NAME = "$(TARGET_NAME)";
				TEST_HOST = "$(BUNDLE_LOADER)";
				WRAPPER_EXTENSION = xctest;
			};
			name = Debug;
		};
		09EA489F17BE49170026664E /* Release */ = {
			isa = XCBuildConfiguration;
			buildSettings = {
				BUNDLE_LOADER = "$(BUILT_PRODUCTS_DIR)/OGExtensionsProject.app/OGExtensionsProject";
				FRAMEWORK_SEARCH_PATHS = (
					"$(SDKROOT)/Developer/Library/Frameworks",
					"$(inherited)",
					"$(DEVELOPER_FRAMEWORKS_DIR)",
				);
				GCC_PRECOMPILE_PREFIX_HEADER = YES;
				GCC_PREFIX_HEADER = "OGExtensionsProject/OGExtensionsProject-Prefix.pch";
				INFOPLIST_FILE = "OGExtensionsProjectTests/OGExtensionsProjectTests-Info.plist";
				PRODUCT_NAME = "$(TARGET_NAME)";
				TEST_HOST = "$(BUNDLE_LOADER)";
				WRAPPER_EXTENSION = xctest;
			};
			name = Release;
		};
/* End XCBuildConfiguration section */

/* Begin XCConfigurationList section */
		09EA486917BE49170026664E /* Build configuration list for PBXProject "OGExtensionsProject" */ = {
			isa = XCConfigurationList;
			buildConfigurations = (
				09EA489817BE49170026664E /* Debug */,
				09EA489917BE49170026664E /* Release */,
			);
			defaultConfigurationIsVisible = 0;
			defaultConfigurationName = Release;
		};
		09EA489A17BE49170026664E /* Build configuration list for PBXNativeTarget "OGExtensionsProject" */ = {
			isa = XCConfigurationList;
			buildConfigurations = (
				09EA489B17BE49170026664E /* Debug */,
				09EA489C17BE49170026664E /* Release */,
			);
			defaultConfigurationIsVisible = 0;
			defaultConfigurationName = Release;
		};
		09EA489D17BE49170026664E /* Build configuration list for PBXNativeTarget "OGExtensionsProjectTests" */ = {
			isa = XCConfigurationList;
			buildConfigurations = (
				09EA489E17BE49170026664E /* Debug */,
				09EA489F17BE49170026664E /* Release */,
			);
			defaultConfigurationIsVisible = 0;
			defaultConfigurationName = Release;
		};
/* End XCConfigurationList section */
	};
	rootObject = 09EA486617BE49170026664E /* Project object */;
}
